
Microsoft Visual Studio Solution File, Format Version 12.00
# Visual Studio 15
VisualStudioVersion = 15.0.27428.2027
MinimumVisualStudioVersion = 10.0.40219.1
Project("{FAE04EC0-301F-11D3-BF4B-00C04F79EFBC}") = "CodaParser", "src\library\CodaParser\CodaParser.csproj", "{074C725D-CE40-4FB3-AFC0-10A8FBB8A18C}"
EndProject
Project("{9A19103F-16F7-4668-BE54-9A1E7A4F7556}") = "CodaParserTests", "src\tests\CodaParserTests\CodaParserTests.csproj", "{E62067B9-72C1-41C0-8713-9976AC1D41F9}"
EndProject
Project("{2150E333-8FDC-42A3-9474-1A3956D46DE8}") = "library", "library", "{96D7D25B-A0EA-49F4-B7D1-453B92C598EA}"
EndProject
Project("{2150E333-8FDC-42A3-9474-1A3956D46DE8}") = "tests", "tests", "{1DFBCC27-1A5D-4148-849C-2448BF3ACE2B}"
EndProject
Global
	GlobalSection(SolutionConfigurationPlatforms) = preSolution
		Debug|Any CPU = Debug|Any CPU
		Release|Any CPU = Release|Any CPU
	EndGlobalSection
	GlobalSection(ProjectConfigurationPlatforms) = postSolution
		{074C725D-CE40-4FB3-AFC0-10A8FBB8A18C}.Debug|Any CPU.ActiveCfg = Debug|Any CPU
		{074C725D-CE40-4FB3-AFC0-10A8FBB8A18C}.Debug|Any CPU.Build.0 = Debug|Any CPU
		{074C725D-CE40-4FB3-AFC0-10A8FBB8A18C}.Release|Any CPU.ActiveCfg = Release|Any CPU
		{074C725D-CE40-4FB3-AFC0-10A8FBB8A18C}.Release|Any CPU.Build.0 = Release|Any CPU
		{E62067B9-72C1-41C0-8713-9976AC1D41F9}.Debug|Any CPU.ActiveCfg = Debug|Any CPU
		{E62067B9-72C1-41C0-8713-9976AC1D41F9}.Debug|Any CPU.Build.0 = Debug|Any CPU
		{E62067B9-72C1-41C0-8713-9976AC1D41F9}.Release|Any CPU.ActiveCfg = Release|Any CPU
		{E62067B9-72C1-41C0-8713-9976AC1D41F9}.Release|Any CPU.Build.0 = Release|Any CPU
	EndGlobalSection
	GlobalSection(SolutionProperties) = preSolution
		HideSolutionNode = FALSE
	EndGlobalSection
	GlobalSection(ExtensibilityGlobals) = postSolution
		SolutionGuid = {988EE7D5-222E-4E72-8A65-82DDA581E288}
	EndGlobalSection
	GlobalSection(NestedProjects) = preSolution
		{074C725D-CE40-4FB3-AFC0-10A8FBB8A18C} = {96D7D25B-A0EA-49F4-B7D1-453B92C598EA}
		{E62067B9-72C1-41C0-8713-9976AC1D41F9} = {1DFBCC27-1A5D-4148-849C-2448BF3ACE2B}
	EndGlobalSection
EndGlobal
